{
  "name": "ekovoicehandler",
  "version": "1.0.21",
  "lockfileVersion": 1,
  "requires": true,
  "dependencies": {
    "artyom.js": {
      "version": "1.0.6",
      "resolved": "https://registry.npmjs.org/artyom.js/-/artyom.js-1.0.6.tgz",
      "integrity": "sha512-dNxvqJy9x2wHVIDu5DVYvdKKrsUBp/9K0FPPXo2YX/8saYBOtLvnoWNHW41NS1Jq+bD4RFqfwhXeLSXgeaDZYQ=="
    },
    "jquery": {
      "version": "3.4.1",
      "resolved": "https://registry.npmjs.org/jquery/-/jquery-3.4.1.tgz",
      "integrity": "sha512-36+AdBzCL+y6qjw5Tx7HgzeGCzC81MDDgaUP8ld2zhx58HdqXGoBd+tHdrBMiyjGQs0Hxs/MLZTu/eHNJJuWPw=="
    }
  }
}
